
Microsoft Visual Studio Solution File, Format Version 12.00
# Visual Studio Version 17
VisualStudioVersion = 17.5.2.0
MinimumVisualStudioVersion = 10.0.40219.1
Project("{2150E333-8FDC-42A3-9474-1A3956D46DE8}") = "CatalogApp", "CatalogApp", "{B1E15691-A2E8-644D-C548-FFF135046E56}"
EndProject
Project("{FAE04EC0-301F-11D3-BF4B-00C04F79EFBC}") = "CatalogApp", "CatalogApp\CatalogApp\CatalogApp.csproj", "{57283E5E-0FE5-32D6-A195-A3C6A0FE2EA3}"
EndProject
Project("{FAE04EC0-301F-11D3-BF4B-00C04F79EFBC}") = "CatalogApp.Mongo", "CatalogApp.Mongo\CatalogApp.Mongo.csproj", "{F7EC1F25-D890-4E1C-AFA1-598F0EA6FE44}"
EndProject
Global
	GlobalSection(SolutionConfigurationPlatforms) = preSolution
		Debug|Any CPU = Debug|Any CPU
		Debug|x64 = Debug|x64
		Debug|x86 = Debug|x86
		Release|Any CPU = Release|Any CPU
		Release|x64 = Release|x64
		Release|x86 = Release|x86
	EndGlobalSection
	GlobalSection(ProjectConfigurationPlatforms) = postSolution
		{57283E5E-0FE5-32D6-A195-A3C6A0FE2EA3}.Debug|Any CPU.ActiveCfg = Debug|Any CPU
		{57283E5E-0FE5-32D6-A195-A3C6A0FE2EA3}.Debug|Any CPU.Build.0 = Debug|Any CPU
		{57283E5E-0FE5-32D6-A195-A3C6A0FE2EA3}.Debug|x64.ActiveCfg = Debug|Any CPU
		{57283E5E-0FE5-32D6-A195-A3C6A0FE2EA3}.Debug|x64.Build.0 = Debug|Any CPU
		{57283E5E-0FE5-32D6-A195-A3C6A0FE2EA3}.Debug|x86.ActiveCfg = Debug|Any CPU
		{57283E5E-0FE5-32D6-A195-A3C6A0FE2EA3}.Debug|x86.Build.0 = Debug|Any CPU
		{57283E5E-0FE5-32D6-A195-A3C6A0FE2EA3}.Release|Any CPU.ActiveCfg = Release|Any CPU
		{57283E5E-0FE5-32D6-A195-A3C6A0FE2EA3}.Release|Any CPU.Build.0 = Release|Any CPU
		{57283E5E-0FE5-32D6-A195-A3C6A0FE2EA3}.Release|x64.ActiveCfg = Release|Any CPU
		{57283E5E-0FE5-32D6-A195-A3C6A0FE2EA3}.Release|x64.Build.0 = Release|Any CPU
		{57283E5E-0FE5-32D6-A195-A3C6A0FE2EA3}.Release|x86.ActiveCfg = Release|Any CPU
		{57283E5E-0FE5-32D6-A195-A3C6A0FE2EA3}.Release|x86.Build.0 = Release|Any CPU
		{F7EC1F25-D890-4E1C-AFA1-598F0EA6FE44}.Debug|Any CPU.ActiveCfg = Debug|Any CPU
		{F7EC1F25-D890-4E1C-AFA1-598F0EA6FE44}.Debug|Any CPU.Build.0 = Debug|Any CPU
		{F7EC1F25-D890-4E1C-AFA1-598F0EA6FE44}.Debug|x64.ActiveCfg = Debug|Any CPU
		{F7EC1F25-D890-4E1C-AFA1-598F0EA6FE44}.Debug|x64.Build.0 = Debug|Any CPU
		{F7EC1F25-D890-4E1C-AFA1-598F0EA6FE44}.Debug|x86.ActiveCfg = Debug|Any CPU
		{F7EC1F25-D890-4E1C-AFA1-598F0EA6FE44}.Debug|x86.Build.0 = Debug|Any CPU
		{F7EC1F25-D890-4E1C-AFA1-598F0EA6FE44}.Release|Any CPU.ActiveCfg = Release|Any CPU
		{F7EC1F25-D890-4E1C-AFA1-598F0EA6FE44}.Release|Any CPU.Build.0 = Release|Any CPU
		{F7EC1F25-D890-4E1C-AFA1-598F0EA6FE44}.Release|x64.ActiveCfg = Release|Any CPU
		{F7EC1F25-D890-4E1C-AFA1-598F0EA6FE44}.Release|x64.Build.0 = Release|Any CPU
		{F7EC1F25-D890-4E1C-AFA1-598F0EA6FE44}.Release|x86.ActiveCfg = Release|Any CPU
		{F7EC1F25-D890-4E1C-AFA1-598F0EA6FE44}.Release|x86.Build.0 = Release|Any CPU
	EndGlobalSection
	GlobalSection(SolutionProperties) = preSolution
		HideSolutionNode = FALSE
	EndGlobalSection
	GlobalSection(NestedProjects) = preSolution
		{57283E5E-0FE5-32D6-A195-A3C6A0FE2EA3} = {B1E15691-A2E8-644D-C548-FFF135046E56}
	EndGlobalSection
	GlobalSection(ExtensibilityGlobals) = postSolution
		SolutionGuid = {72B83672-80CF-483B-808B-80293E25624F}
	EndGlobalSection
EndGlobal
